Microsoft Visual Studio Solution File, Format Version 12.00
# Visual Studio 2012
Project("{FAE04EC0-301F-11D3-BF4B-00C04F79EFBC}") = "TCG Hand Layout Plugin", "TCG Hand Layout Plugin.csproj", "{F536EDB3-96BF-4EE1-8592-314E64190F38}"
EndProject
Global
	GlobalSection(SolutionConfigurationPlatforms) = preSolution
	Debug|Any CPU = Debug|Any CPU
	ExportDebug|Any CPU = ExportDebug|Any CPU
	ExportRelease|Any CPU = ExportRelease|Any CPU
	EndGlobalSection
	GlobalSection(ProjectConfigurationPlatforms) = postSolution
		{F536EDB3-96BF-4EE1-8592-314E64190F38}.Debug|Any CPU.ActiveCfg = Debug|Any CPU
		{F536EDB3-96BF-4EE1-8592-314E64190F38}.Debug|Any CPU.Build.0 = Debug|Any CPU
		{F536EDB3-96BF-4EE1-8592-314E64190F38}.ExportDebug|Any CPU.ActiveCfg = ExportDebug|Any CPU
		{F536EDB3-96BF-4EE1-8592-314E64190F38}.ExportDebug|Any CPU.Build.0 = ExportDebug|Any CPU
		{F536EDB3-96BF-4EE1-8592-314E64190F38}.ExportRelease|Any CPU.ActiveCfg = ExportRelease|Any CPU
		{F536EDB3-96BF-4EE1-8592-314E64190F38}.ExportRelease|Any CPU.Build.0 = ExportRelease|Any CPU
	EndGlobalSection
EndGlobal
