
Microsoft Visual Studio Solution File, Format Version 12.00
Project("{FAE04EC0-301F-11D3-BF4B-00C04F79EFBC}") = "NugetDependencies", "NugetDependencies.csproj", "{F3AE4B2F-9194-4EAC-869C-905C5ACF303E}"
EndProject
Global
	GlobalSection(SolutionConfigurationPlatforms) = preSolution
		Debug|Any CPU = Debug|Any CPU
		Release|Any CPU = Release|Any CPU
	EndGlobalSection
	GlobalSection(ProjectConfigurationPlatforms) = postSolution
		{F3AE4B2F-9194-4EAC-869C-905C5ACF303E}.Debug|Any CPU.ActiveCfg = Debug|Any CPU
		{F3AE4B2F-9194-4EAC-869C-905C5ACF303E}.Debug|Any CPU.Build.0 = Debug|Any CPU
		{F3AE4B2F-9194-4EAC-869C-905C5ACF303E}.Release|Any CPU.ActiveCfg = Release|Any CPU
		{F3AE4B2F-9194-4EAC-869C-905C5ACF303E}.Release|Any CPU.Build.0 = Release|Any CPU
	EndGlobalSection
EndGlobal
