Microsoft Visual Studio Solution File, Format Version 12.00
# Visual Studio 2012
Project("{FAE04EC0-301F-11D3-BF4B-00C04F79EFBC}") = "mixed language project", "mixed language project.csproj", "{A625251C-FBEC-4432-8671-19EB6534984C}"
EndProject
Global
	GlobalSection(SolutionConfigurationPlatforms) = preSolution
	Debug|Any CPU = Debug|Any CPU
	ExportDebug|Any CPU = ExportDebug|Any CPU
	ExportRelease|Any CPU = ExportRelease|Any CPU
	EndGlobalSection
	GlobalSection(ProjectConfigurationPlatforms) = postSolution
		{A625251C-FBEC-4432-8671-19EB6534984C}.Debug|Any CPU.ActiveCfg = Debug|Any CPU
		{A625251C-FBEC-4432-8671-19EB6534984C}.Debug|Any CPU.Build.0 = Debug|Any CPU
		{A625251C-FBEC-4432-8671-19EB6534984C}.ExportDebug|Any CPU.ActiveCfg = ExportDebug|Any CPU
		{A625251C-FBEC-4432-8671-19EB6534984C}.ExportDebug|Any CPU.Build.0 = ExportDebug|Any CPU
		{A625251C-FBEC-4432-8671-19EB6534984C}.ExportRelease|Any CPU.ActiveCfg = ExportRelease|Any CPU
		{A625251C-FBEC-4432-8671-19EB6534984C}.ExportRelease|Any CPU.Build.0 = ExportRelease|Any CPU
	EndGlobalSection
EndGlobal
