Microsoft Visual Studio Solution File, Format Version 12.00
# Visual Studio 2012
Project("{FAE04EC0-301F-11D3-BF4B-00C04F79EFBC}") = "GodotProject", "GodotProject.csproj", "{7F1A9879-9539-4A61-90FC-DE0520070262}"
EndProject
Global
	GlobalSection(SolutionConfigurationPlatforms) = preSolution
	Debug|Any CPU = Debug|Any CPU
	ExportDebug|Any CPU = ExportDebug|Any CPU
	ExportRelease|Any CPU = ExportRelease|Any CPU
	EndGlobalSection
	GlobalSection(ProjectConfigurationPlatforms) = postSolution
		{7F1A9879-9539-4A61-90FC-DE0520070262}.Debug|Any CPU.ActiveCfg = Debug|Any CPU
		{7F1A9879-9539-4A61-90FC-DE0520070262}.Debug|Any CPU.Build.0 = Debug|Any CPU
		{7F1A9879-9539-4A61-90FC-DE0520070262}.ExportDebug|Any CPU.ActiveCfg = ExportDebug|Any CPU
		{7F1A9879-9539-4A61-90FC-DE0520070262}.ExportDebug|Any CPU.Build.0 = ExportDebug|Any CPU
		{7F1A9879-9539-4A61-90FC-DE0520070262}.ExportRelease|Any CPU.ActiveCfg = ExportRelease|Any CPU
		{7F1A9879-9539-4A61-90FC-DE0520070262}.ExportRelease|Any CPU.Build.0 = ExportRelease|Any CPU
	EndGlobalSection
EndGlobal
