
Microsoft Visual Studio Solution File, Format Version 12.00
Project("{FAE04EC0-301F-11D3-BF4B-00C04F79EFBC}") = "rider-godot", "src\rider-godot.csproj", "{E5F98D56-13E6-41B1-A70A-E1E1F81866C8}"
EndProject
Project("{FAE04EC0-301F-11D3-BF4B-00C04F79EFBC}") = "gradle-launcher", "gradle-launcher\gradle-launcher.csproj", "{A0CA2638-35EE-4034-B1FA-F13345121485}"
EndProject
Project("{2150E333-8FDC-42A3-9474-1A3956D46DE8}") = "Run Configurations", "Run Configurations", "{41110F19-B84E-43B3-8D19-193937DFB1F4}"
ProjectSection(SolutionItems) = preProject
	.run\runIde.run.xml = .run\runIde.run.xml
EndProjectSection
EndProject
Project("{2150E333-8FDC-42A3-9474-1A3956D46DE8}") = "RiderHost", "RiderHost", "{609BB37F-C547-4463-805E-329CB4AE7168}"
EndProject
Project("{2150E333-8FDC-42A3-9474-1A3956D46DE8}") = "debugger", "debugger", "{C27CD440-D760-4346-B528-531010AE3597}"
EndProject
Project("{FAE04EC0-301F-11D3-BF4B-00C04F79EFBC}") = "debugger", "debugger\debugger\debugger.csproj", "{0D331B4B-9B49-41A6-8322-0CFE82FA238E}"
EndProject
Global
	GlobalSection(SolutionConfigurationPlatforms) = preSolution
		Debug|Any CPU = Debug|Any CPU
		Release|Any CPU = Release|Any CPU
	EndGlobalSection
	GlobalSection(ProjectConfigurationPlatforms) = postSolution
		{E5F98D56-13E6-41B1-A70A-E1E1F81866C8}.Debug|Any CPU.ActiveCfg = Debug|Any CPU
		{E5F98D56-13E6-41B1-A70A-E1E1F81866C8}.Debug|Any CPU.Build.0 = Debug|Any CPU
		{E5F98D56-13E6-41B1-A70A-E1E1F81866C8}.Release|Any CPU.ActiveCfg = Release|Any CPU
		{E5F98D56-13E6-41B1-A70A-E1E1F81866C8}.Release|Any CPU.Build.0 = Release|Any CPU
		{A0CA2638-35EE-4034-B1FA-F13345121485}.Debug|Any CPU.ActiveCfg = Debug|Any CPU
		{A0CA2638-35EE-4034-B1FA-F13345121485}.Debug|Any CPU.Build.0 = Debug|Any CPU
		{A0CA2638-35EE-4034-B1FA-F13345121485}.Release|Any CPU.ActiveCfg = Release|Any CPU
		{A0CA2638-35EE-4034-B1FA-F13345121485}.Release|Any CPU.Build.0 = Release|Any CPU
		{0D331B4B-9B49-41A6-8322-0CFE82FA238E}.Debug|Any CPU.ActiveCfg = Debug|Any CPU
		{0D331B4B-9B49-41A6-8322-0CFE82FA238E}.Debug|Any CPU.Build.0 = Debug|Any CPU
		{0D331B4B-9B49-41A6-8322-0CFE82FA238E}.Release|Any CPU.ActiveCfg = Release|Any CPU
		{0D331B4B-9B49-41A6-8322-0CFE82FA238E}.Release|Any CPU.Build.0 = Release|Any CPU
	EndGlobalSection
	GlobalSection(NestedProjects) = preSolution
		{E5F98D56-13E6-41B1-A70A-E1E1F81866C8} = {609BB37F-C547-4463-805E-329CB4AE7168}
		{0D331B4B-9B49-41A6-8322-0CFE82FA238E} = {C27CD440-D760-4346-B528-531010AE3597}
	EndGlobalSection
EndGlobal
